
Microsoft Visual Studio Solution File, Format Version 12.00
# Visual Studio Version 17
VisualStudioVersion = 17.0.32014.148
MinimumVisualStudioVersion = 10.0.40219.1
Project("{9A19103F-16F7-4668-BE54-9A1E7A4F7556}") = "Main", "src\Main\Main.csproj", "{BBFD99F8-00E8-47EA-B5DE-D2424B6EE25B}"
EndProject
Project("{9A19103F-16F7-4668-BE54-9A1E7A4F7556}") = "DBManager", "src\DBManager\DBManager.csproj", "{E6E138BF-7510-4699-9C66-C5B64C168049}"
EndProject
Project("{9A19103F-16F7-4668-BE54-9A1E7A4F7556}") = "BackupManager", "src\BackupManager\BackupManager.csproj", "{EBF5D3D5-F485-4D9F-88EA-EC2958DD4BB2}"
EndProject
Project("{9A19103F-16F7-4668-BE54-9A1E7A4F7556}") = "LaunchApp", "src\LaunchApp\LaunchApp.csproj", "{87DD7742-0088-42C9-B959-15BFB8E477E6}"
EndProject
Project("{54435603-DBB4-11D2-8724-00A0C9A8B90C}") = "BackuperSetup", "src\BackuperSetup\BackuperSetup.vdproj", "{F3932535-3280-498C-A535-00737856AFDE}"
EndProject
Global
	GlobalSection(SolutionConfigurationPlatforms) = preSolution
		Debug|Any CPU = Debug|Any CPU
		Release|Any CPU = Release|Any CPU
	EndGlobalSection
	GlobalSection(ProjectConfigurationPlatforms) = postSolution
		{BBFD99F8-00E8-47EA-B5DE-D2424B6EE25B}.Debug|Any CPU.ActiveCfg = Debug|Any CPU
		{BBFD99F8-00E8-47EA-B5DE-D2424B6EE25B}.Debug|Any CPU.Build.0 = Debug|Any CPU
		{BBFD99F8-00E8-47EA-B5DE-D2424B6EE25B}.Release|Any CPU.ActiveCfg = Release|Any CPU
		{BBFD99F8-00E8-47EA-B5DE-D2424B6EE25B}.Release|Any CPU.Build.0 = Release|Any CPU
		{E6E138BF-7510-4699-9C66-C5B64C168049}.Debug|Any CPU.ActiveCfg = Debug|Any CPU
		{E6E138BF-7510-4699-9C66-C5B64C168049}.Debug|Any CPU.Build.0 = Debug|Any CPU
		{E6E138BF-7510-4699-9C66-C5B64C168049}.Release|Any CPU.ActiveCfg = Release|Any CPU
		{E6E138BF-7510-4699-9C66-C5B64C168049}.Release|Any CPU.Build.0 = Release|Any CPU
		{EBF5D3D5-F485-4D9F-88EA-EC2958DD4BB2}.Debug|Any CPU.ActiveCfg = Debug|Any CPU
		{EBF5D3D5-F485-4D9F-88EA-EC2958DD4BB2}.Debug|Any CPU.Build.0 = Debug|Any CPU
		{EBF5D3D5-F485-4D9F-88EA-EC2958DD4BB2}.Release|Any CPU.ActiveCfg = Release|Any CPU
		{EBF5D3D5-F485-4D9F-88EA-EC2958DD4BB2}.Release|Any CPU.Build.0 = Release|Any CPU
		{87DD7742-0088-42C9-B959-15BFB8E477E6}.Debug|Any CPU.ActiveCfg = Debug|Any CPU
		{87DD7742-0088-42C9-B959-15BFB8E477E6}.Debug|Any CPU.Build.0 = Debug|Any CPU
		{87DD7742-0088-42C9-B959-15BFB8E477E6}.Release|Any CPU.ActiveCfg = Release|Any CPU
		{87DD7742-0088-42C9-B959-15BFB8E477E6}.Release|Any CPU.Build.0 = Release|Any CPU
		{F3932535-3280-498C-A535-00737856AFDE}.Debug|Any CPU.ActiveCfg = Release
		{F3932535-3280-498C-A535-00737856AFDE}.Release|Any CPU.ActiveCfg = Release
	EndGlobalSection
	GlobalSection(SolutionProperties) = preSolution
		HideSolutionNode = FALSE
	EndGlobalSection
	GlobalSection(ExtensibilityGlobals) = postSolution
		SolutionGuid = {8E2BAE5F-3B23-4786-8C7B-A3BA77BA40BD}
	EndGlobalSection
EndGlobal
